
Microsoft Visual Studio Solution File, Format Version 12.00
# Visual Studio Version 16
VisualStudioVersion = 16.0.32002.261
MinimumVisualStudioVersion = 10.0.40219.1
Project("{FAE04EC0-301F-11D3-BF4B-00C04F79EFBC}") = "Lab 16 (wpf)", "Lab 16 (wpf)\Lab 16 (wpf).csproj", "{6C242D08-09BB-4FB1-81F5-1A185182D2DC}"
EndProject
Global
	GlobalSection(SolutionConfigurationPlatforms) = preSolution
		Debug|Any CPU = Debug|Any CPU
		Release|Any CPU = Release|Any CPU
	EndGlobalSection
	GlobalSection(ProjectConfigurationPlatforms) = postSolution
		{6C242D08-09BB-4FB1-81F5-1A185182D2DC}.Debug|Any CPU.ActiveCfg = Debug|Any CPU
		{6C242D08-09BB-4FB1-81F5-1A185182D2DC}.Debug|Any CPU.Build.0 = Debug|Any CPU
		{6C242D08-09BB-4FB1-81F5-1A185182D2DC}.Release|Any CPU.ActiveCfg = Release|Any CPU
		{6C242D08-09BB-4FB1-81F5-1A185182D2DC}.Release|Any CPU.Build.0 = Release|Any CPU
	EndGlobalSection
	GlobalSection(SolutionProperties) = preSolution
		HideSolutionNode = FALSE
	EndGlobalSection
	GlobalSection(ExtensibilityGlobals) = postSolution
		SolutionGuid = {DD0E0974-8168-4579-BA3B-8E769496618C}
	EndGlobalSection
EndGlobal
